
Microsoft Visual Studio Solution File, Format Version 12.00
# Visual Studio Version 17
VisualStudioVersion = 17.11.35327.3
MinimumVisualStudioVersion = 10.0.40219.1
Project("{9A19103F-16F7-4668-BE54-9A1E7A4F7556}") = "CadastroPessoas.Api", "CadastroPessoas.Api\CadastroPessoas.Api.csproj", "{4BAB60B2-78F9-4D1E-9606-D625BBEBB3E1}"
EndProject
Project("{2150E333-8FDC-42A3-9474-1A3956D46DE8}") = "src", "src", "{813A66BA-63D1-454E-B6B7-35A1B31FB993}"
EndProject
Project("{9A19103F-16F7-4668-BE54-9A1E7A4F7556}") = "CadastroPessoas.Application", "CadastroPessoas.Application\CadastroPessoas.Application.csproj", "{794B82DC-AE6F-4E66-A815-3E8E41DE4511}"
EndProject
Project("{9A19103F-16F7-4668-BE54-9A1E7A4F7556}") = "CadastroPessoas.Domain", "CadastroPessoas.Domain\CadastroPessoas.Domain.csproj", "{F7A9C603-57D3-4011-9B22-3599A30B04ED}"
EndProject
Project("{9A19103F-16F7-4668-BE54-9A1E7A4F7556}") = "CadastroPessoas.Infrastructure", "CadastroPessoas.Infrastructure\CadastroPessoas.Infrastructure.csproj", "{CCF8F728-C91B-4F9E-87D4-6560DBB6B1A5}"
EndProject
Project("{FAE04EC0-301F-11D3-BF4B-00C04F79EFBC}") = "CadastroPessoas.Test", "CadastroPessoas.Test\CadastroPessoas.Test.csproj", "{94D63B75-19A4-4BDA-93E3-6AC95AA287BF}"
EndProject
Global
	GlobalSection(SolutionConfigurationPlatforms) = preSolution
		Debug|Any CPU = Debug|Any CPU
		Release|Any CPU = Release|Any CPU
	EndGlobalSection
	GlobalSection(ProjectConfigurationPlatforms) = postSolution
		{4BAB60B2-78F9-4D1E-9606-D625BBEBB3E1}.Debug|Any CPU.ActiveCfg = Debug|Any CPU
		{4BAB60B2-78F9-4D1E-9606-D625BBEBB3E1}.Debug|Any CPU.Build.0 = Debug|Any CPU
		{4BAB60B2-78F9-4D1E-9606-D625BBEBB3E1}.Release|Any CPU.ActiveCfg = Release|Any CPU
		{4BAB60B2-78F9-4D1E-9606-D625BBEBB3E1}.Release|Any CPU.Build.0 = Release|Any CPU
		{794B82DC-AE6F-4E66-A815-3E8E41DE4511}.Debug|Any CPU.ActiveCfg = Debug|Any CPU
		{794B82DC-AE6F-4E66-A815-3E8E41DE4511}.Debug|Any CPU.Build.0 = Debug|Any CPU
		{794B82DC-AE6F-4E66-A815-3E8E41DE4511}.Release|Any CPU.ActiveCfg = Release|Any CPU
		{794B82DC-AE6F-4E66-A815-3E8E41DE4511}.Release|Any CPU.Build.0 = Release|Any CPU
		{F7A9C603-57D3-4011-9B22-3599A30B04ED}.Debug|Any CPU.ActiveCfg = Debug|Any CPU
		{F7A9C603-57D3-4011-9B22-3599A30B04ED}.Debug|Any CPU.Build.0 = Debug|Any CPU
		{F7A9C603-57D3-4011-9B22-3599A30B04ED}.Release|Any CPU.ActiveCfg = Release|Any CPU
		{F7A9C603-57D3-4011-9B22-3599A30B04ED}.Release|Any CPU.Build.0 = Release|Any CPU
		{CCF8F728-C91B-4F9E-87D4-6560DBB6B1A5}.Debug|Any CPU.ActiveCfg = Debug|Any CPU
		{CCF8F728-C91B-4F9E-87D4-6560DBB6B1A5}.Debug|Any CPU.Build.0 = Debug|Any CPU
		{CCF8F728-C91B-4F9E-87D4-6560DBB6B1A5}.Release|Any CPU.ActiveCfg = Release|Any CPU
		{CCF8F728-C91B-4F9E-87D4-6560DBB6B1A5}.Release|Any CPU.Build.0 = Release|Any CPU
		{94D63B75-19A4-4BDA-93E3-6AC95AA287BF}.Debug|Any CPU.ActiveCfg = Debug|Any CPU
		{94D63B75-19A4-4BDA-93E3-6AC95AA287BF}.Debug|Any CPU.Build.0 = Debug|Any CPU
		{94D63B75-19A4-4BDA-93E3-6AC95AA287BF}.Release|Any CPU.ActiveCfg = Release|Any CPU
		{94D63B75-19A4-4BDA-93E3-6AC95AA287BF}.Release|Any CPU.Build.0 = Release|Any CPU
	EndGlobalSection
	GlobalSection(SolutionProperties) = preSolution
		HideSolutionNode = FALSE
	EndGlobalSection
	GlobalSection(NestedProjects) = preSolution
		{4BAB60B2-78F9-4D1E-9606-D625BBEBB3E1} = {813A66BA-63D1-454E-B6B7-35A1B31FB993}
		{794B82DC-AE6F-4E66-A815-3E8E41DE4511} = {813A66BA-63D1-454E-B6B7-35A1B31FB993}
		{F7A9C603-57D3-4011-9B22-3599A30B04ED} = {813A66BA-63D1-454E-B6B7-35A1B31FB993}
		{CCF8F728-C91B-4F9E-87D4-6560DBB6B1A5} = {813A66BA-63D1-454E-B6B7-35A1B31FB993}
		{94D63B75-19A4-4BDA-93E3-6AC95AA287BF} = {813A66BA-63D1-454E-B6B7-35A1B31FB993}
	EndGlobalSection
	GlobalSection(ExtensibilityGlobals) = postSolution
		SolutionGuid = {FDDFECA1-34D3-4C53-978D-C9ED5623F730}
	EndGlobalSection
EndGlobal
